
Microsoft Visual Studio Solution File, Format Version 12.00
# Visual Studio 15
VisualStudioVersion = 15.0.27703.2035
MinimumVisualStudioVersion = 10.0.40219.1
Project("{FAE04EC0-301F-11D3-BF4B-00C04F79EFBC}") = "Adapter", "Adapter\Adapter.csproj", "{77BCE103-F090-48FE-8B7D-FD7657F014DA}"
EndProject
Project("{FAE04EC0-301F-11D3-BF4B-00C04F79EFBC}") = "Bridge", "Bridge\Bridge.csproj", "{AFFCA435-AD1A-4B97-B30B-2491EF4F0121}"
EndProject
Project("{FAE04EC0-301F-11D3-BF4B-00C04F79EFBC}") = "Composite", "Composite\Composite.csproj", "{21AB87B6-AB26-403F-9082-5058678F693C}"
EndProject
Project("{FAE04EC0-301F-11D3-BF4B-00C04F79EFBC}") = "Decorator", "Decorator\Decorator.csproj", "{0EB6C70C-B323-4011-B6E0-008CE956B212}"
EndProject
Project("{FAE04EC0-301F-11D3-BF4B-00C04F79EFBC}") = "Facade", "Facade\Facade.csproj", "{9CB3B79E-4F85-475B-88CC-AF15A43BFE6D}"
EndProject
Project("{FAE04EC0-301F-11D3-BF4B-00C04F79EFBC}") = "Flyweight", "Flyweight\Flyweight.csproj", "{EB6B70DD-2F18-4C1F-8192-89B91D9D9BBB}"
EndProject
Project("{FAE04EC0-301F-11D3-BF4B-00C04F79EFBC}") = "Proxy", "Proxy\Proxy.csproj", "{C7ABBAFF-4147-4D2C-9177-471AF6090B63}"
EndProject
Global
	GlobalSection(SolutionConfigurationPlatforms) = preSolution
		Debug|Any CPU = Debug|Any CPU
		Release|Any CPU = Release|Any CPU
	EndGlobalSection
	GlobalSection(ProjectConfigurationPlatforms) = postSolution
		{77BCE103-F090-48FE-8B7D-FD7657F014DA}.Debug|Any CPU.ActiveCfg = Debug|Any CPU
		{77BCE103-F090-48FE-8B7D-FD7657F014DA}.Debug|Any CPU.Build.0 = Debug|Any CPU
		{77BCE103-F090-48FE-8B7D-FD7657F014DA}.Release|Any CPU.ActiveCfg = Release|Any CPU
		{77BCE103-F090-48FE-8B7D-FD7657F014DA}.Release|Any CPU.Build.0 = Release|Any CPU
		{AFFCA435-AD1A-4B97-B30B-2491EF4F0121}.Debug|Any CPU.ActiveCfg = Debug|Any CPU
		{AFFCA435-AD1A-4B97-B30B-2491EF4F0121}.Debug|Any CPU.Build.0 = Debug|Any CPU
		{AFFCA435-AD1A-4B97-B30B-2491EF4F0121}.Release|Any CPU.ActiveCfg = Release|Any CPU
		{AFFCA435-AD1A-4B97-B30B-2491EF4F0121}.Release|Any CPU.Build.0 = Release|Any CPU
		{21AB87B6-AB26-403F-9082-5058678F693C}.Debug|Any CPU.ActiveCfg = Debug|Any CPU
		{21AB87B6-AB26-403F-9082-5058678F693C}.Debug|Any CPU.Build.0 = Debug|Any CPU
		{21AB87B6-AB26-403F-9082-5058678F693C}.Release|Any CPU.ActiveCfg = Release|Any CPU
		{21AB87B6-AB26-403F-9082-5058678F693C}.Release|Any CPU.Build.0 = Release|Any CPU
		{0EB6C70C-B323-4011-B6E0-008CE956B212}.Debug|Any CPU.ActiveCfg = Debug|Any CPU
		{0EB6C70C-B323-4011-B6E0-008CE956B212}.Debug|Any CPU.Build.0 = Debug|Any CPU
		{0EB6C70C-B323-4011-B6E0-008CE956B212}.Release|Any CPU.ActiveCfg = Release|Any CPU
		{0EB6C70C-B323-4011-B6E0-008CE956B212}.Release|Any CPU.Build.0 = Release|Any CPU
		{9CB3B79E-4F85-475B-88CC-AF15A43BFE6D}.Debug|Any CPU.ActiveCfg = Debug|Any CPU
		{9CB3B79E-4F85-475B-88CC-AF15A43BFE6D}.Debug|Any CPU.Build.0 = Debug|Any CPU
		{9CB3B79E-4F85-475B-88CC-AF15A43BFE6D}.Release|Any CPU.ActiveCfg = Release|Any CPU
		{9CB3B79E-4F85-475B-88CC-AF15A43BFE6D}.Release|Any CPU.Build.0 = Release|Any CPU
		{EB6B70DD-2F18-4C1F-8192-89B91D9D9BBB}.Debug|Any CPU.ActiveCfg = Debug|Any CPU
		{EB6B70DD-2F18-4C1F-8192-89B91D9D9BBB}.Debug|Any CPU.Build.0 = Debug|Any CPU
		{EB6B70DD-2F18-4C1F-8192-89B91D9D9BBB}.Release|Any CPU.ActiveCfg = Release|Any CPU
		{EB6B70DD-2F18-4C1F-8192-89B91D9D9BBB}.Release|Any CPU.Build.0 = Release|Any CPU
		{C7ABBAFF-4147-4D2C-9177-471AF6090B63}.Debug|Any CPU.ActiveCfg = Debug|Any CPU
		{C7ABBAFF-4147-4D2C-9177-471AF6090B63}.Debug|Any CPU.Build.0 = Debug|Any CPU
		{C7ABBAFF-4147-4D2C-9177-471AF6090B63}.Release|Any CPU.ActiveCfg = Release|Any CPU
		{C7ABBAFF-4147-4D2C-9177-471AF6090B63}.Release|Any CPU.Build.0 = Release|Any CPU
	EndGlobalSection
	GlobalSection(SolutionProperties) = preSolution
		HideSolutionNode = FALSE
	EndGlobalSection
	GlobalSection(ExtensibilityGlobals) = postSolution
		SolutionGuid = {C9507598-3104-462B-A7D5-658E2DE5D83F}
	EndGlobalSection
EndGlobal
